archiveVersion = 1;
classes = {
};
objectVersion = 56;
objects = {

/* Begin PBXBuildFile section */

	01A3B0012A9C4F1F00B0D68E /* AppDelegate.swift in Sources */ = {isa = PBXBuildFile; fileRef = 01A3B0002A9C4F1F00B0D68E /* AppDelegate.swift */; };
	01A3B0022A9C4F1F00B0D68E /* ConfigStore.swift in Sources */ = {isa = PBXBuildFile; fileRef = 01A3B0012A9C4F1F00B0D68E /* ConfigStore.swift */; };
	01A3B0032A9C4F1F00B0D68E /* CodexAPI.swift in Sources */ = {isa = PBXBuildFile; fileRef = 01A3B0022A9C4F1F00B0D68E /* CodexAPI.swift */; };
	01A3B0042A9C4F1F00B0D68E /* ScanView.swift in Sources */ = {isa = PBXBuildFile; fileRef = 01A3B0032A9C4F1F00B0D68E /* ScanView.swift */; };
	01A3B0052A9C4F1F00B0D68E /* CollectionView.swift in Sources */ = {isa = PBXBuildFile; fileRef = 01A3B0042A9C4F1F00B0D68E /* CollectionView.swift */; };
	01A3B0062A9C4F1F00B0D68E /* RootView.swift in Sources */ = {isa = PBXBuildFile; fileRef = 01A3B0052A9C4F1F00B0D68E /* RootView.swift */; };
	01CD4F122A9E1B1F00F0A5C2 /* MTGCodex.entitlements in Resources */ = {isa = PBXBuildFile; fileRef = 01CD4F112A9E1B1F00F0A5C2 /* MTGCodex.entitlements */; };
	01E7E0B12A9E4E2500A9F8BC /* Info.plist in Resources */ = {isa = PBXBuildFile; fileRef = 01E7E0B02A9E4E2500A9F8BC /* Info.plist */; };

/* End PBXBuildFile section */

/* Begin PBXFileReference section */

	01A3B0002A9C4F1F00B0D68E /* AppDelegate.swift */ = {isa = PBXFileReference; lastKnownFileType = sourcecode.swift; path = AppDelegate.swift; sourceTree = "<group>"; };
	01A3B0012A9C4F1F00B0D68E /* ConfigStore.swift */ = {isa = PBXFileReference; lastKnownFileType = sourcecode.swift; path = ConfigStore.swift; sourceTree = "<group>"; };
	01A3B0022A9C4F1F00B0D68E /* CodexAPI.swift */ = {isa = PBXFileReference; lastKnownFileType = sourcecode.swift; path = CodexAPI.swift; sourceTree = "<group>"; };
	01A3B0032A9C4F1F00B0D68E /* ScanView.swift */ = {isa = PBXFileReference; lastKnownFileType = sourcecode.swift; path = ScanView.swift; sourceTree = "<group>"; };
	01A3B0042A9C4F1F00B0D68E /* CollectionView.swift */ = {isa = PBXFileReference; lastKnownFileType = sourcecode.swift; path = CollectionView.swift; sourceTree = "<group>"; };
	01A3B0052A9C4F1F00B0D68E /* RootView.swift */ = {isa = PBXFileReference; lastKnownFileType = sourcecode.swift; path = RootView.swift; sourceTree = "<group>"; };
	01CD4F112A9E1B1F00F0A5C2 /* MTGCodex.entitlements */ = {isa = PBXFileReference; lastKnownFileType = text.plist.entitlements; path = MTGCodex.entitlements; sourceTree = "<group>"; };
	01E7E0B02A9E4E2500A9F8BC /* Info.plist */ = {isa = PBXFileReference; lastKnownFileType = text.plist; path = Info.plist; sourceTree = "<group>"; };
	01F5D0012A9D8A0A00C3C2DA /* Products */ = {isa = PBXFileReference; formatVersion = 1; name = Products; sourceTree = "<group>"; };
	01F5D0022A9D8A0A00C3C2DA /* MTGCodex.app */ = {isa = PBXFileReference; explicitFileType = wrapper.application; includeInIndex = 0; path = MTGCodex.app; sourceTree = BUILT_PRODUCTS_DIR; };

/* End PBXFileReference section */

/* Begin PBXGroup section */

	01F5D0002A9D8A0A00C3C2DA = {
		isa = PBXGroup;
		children = (
			01A3AFF12A9C4F0A00B0D68E /* MTGCodex */,
			01F5D0012A9D8A0A00C3C2DA /* Products */,
		);
		sourceTree = "<group>";
	};

	01A3AFF12A9C4F0A00B0D68E = {
		isa = PBXGroup;
		children = (
			01A3B0002A9C4F1F00B0D68E /* AppDelegate.swift */,
			01A3B0012A9C4F1F00B0D68E /* ConfigStore.swift */,
			01A3B0022A9C4F1F00B0D68E /* CodexAPI.swift */,
			01A3B0032A9C4F1F00B0D68E /* ScanView.swift */,
			01A3B0042A9C4F1F00B0D68E /* CollectionView.swift */,
			01A3B0052A9C4F1F00B0D68E /* RootView.swift */,
			01CD4F112A9E1B1F00F0A5C2 /* MTGCodex.entitlements */,
			01E7E0B02A9E4E2500A9F8BC /* Info.plist */,
		);
		path = MTGCodex;
		sourceTree = "<group>";
	};

/* End PBXGroup section */

/* Begin PBXNativeTarget section */

	01F5D0032A9D8A0A00C3C2DA /* MTGCodex */ = {
		isa = PBXNativeTarget;
		buildConfigurationList = 01F5D0042A9D8A0A00C3C2DA /* Build configuration list for PBXNativeTarget "MTGCodex" */;
		buildRules = (
		);
		dependencies = (
		);
		name = MTGCodex;
		productName = MTGCodex;
		productType = "com.apple.product-type.application";
		srcs = (
		);
	};

/* End PBXNativeTarget section */

/* Begin PBXProject section */

	01F5D0052A9D8A0A00C3C2DA /* Project object */ = {
		isa = PBXProject;
		attributes = {
			LastUpgradeCheck = 1420;
			ORGANIZATIONNAME = MTGCodex;
			TargetAttributes = {
				01F5D0032A9D8A0A00C3C2DA = {
					CreatedOnToolsVersion = 15.0;
				};
			};
		};
		buildConfigurationList = 01F5D0062A9D8A0A00C3C2DA /* Build configuration list for PBXProject "MTGCodex" */;
		compatibilityVersion = "Xcode 14.0";
		developmentTeam = "";
		hasScannedForEncodings = 0;
		knownRegions = (
			en,
		);
		mainGroup = 01F5D0002A9D8A0A00C3C2DA;
		productRefGroup = 01F5D0012A9D8A0A00C3C2DA /* Products */;
		projectDirPath = "";
		projectRoot = "";
		targets = (
			01F5D0032A9D8A0A00C3C2DA /* MTGCodex */,
		);
	};

/* End PBXProject section */

/* Begin PBXSourcesBuildPhase section */

	01F5D0072A9D8A0A00C3C2DA /* Sources */ = {
		isa = PBXSourcesBuildPhase;
		buildActionMask = 2147483647;
		files = (
			01A3B0012A9C4F1F00B0D68E /* AppDelegate.swift in Sources */,
			01A3B0022A9C4F1F00B0D68E /* ConfigStore.swift in Sources */,
			01A3B0032A9C4F1F00B0D68E /* CodexAPI.swift in Sources */,
			01A3B0042A9C4F1F00B0D68E /* ScanView.swift in Sources */,
			01A3B0052A9C4F1F00B0D68E /* CollectionView.swift in Sources */,
			01A3B0062A9C4F1F00B0D68E /* RootView.swift in Sources */,
		);
		runOnlyWhenInstalling = 0;
	};

/* End PBXSourcesBuildPhase section */

/* Begin PBXResourcesBuildPhase section */

	01F5D0082A9D8A0A00C3C2DA /* Resources */ = {
		isa = PBXResourcesBuildPhase;
		buildActionMask = 2147483647;
		files = (
			01CD4F122A9E1B1F00F0A5C2 /* MTGCodex.entitlements in Resources */,
			01E7E0B12A9E4E2500A9F8BC /* Info.plist in Resources */,
		);
		runOnlyWhenInstalling = 0;
	};

/* End PBXResourcesBuildPhase section */

/* Begin XCBuildConfiguration section */

	01F5D0092A9D8A0A00C3C2DA /* Debug */ = {
		isa = XCBuildConfiguration;
		buildSettings = {
			ALWAYS_SEARCH_USER_PATHS = NO;
			CLANG_ANALYZER_LOCALIZABILITY_INCOMPLETE_STRING_LITERALS = YES;
			CLANG_ENABLE_MODULES = YES;
			CLANG_ENABLE_OBJC_ARC = YES;
			CLANG_ENABLE_OBJC_WEAK = YES;
			CLANG_WARN_BOOL_CONVERSION = YES;
			CLANG_WARN_INFINITE_RECURSION = YES;
			CLANG_WARN_NON_LITERAL_NULL_CONVERSION = YES;
			CLANG_WARN_OBJC_LITERAL_CONVERSION = YES;
			CLANG_WARN_OBJC_ROOT_CLASS = YES;
			CLANG_WARN_SUSPICIOUS_IMPLICIT_CONVERSION = YES;
			CLANG_WARN_UNREACHABLE_CODE = YES;
			CLANG_WARN__DUPLICATE_METHOD_MATCH = YES;
			CODE_SIGN_IDENTITY = "";
			CODE_SIGN_STYLE = Automatic;
			COPY_PHASE_STRIP = NO;
			DEBUG_INFORMATION_FORMAT = dwarf;
			ENABLE_STRICT_OBJC_MSGSEND = YES;
			ENABLE_TESTABILITY = YES;
			GCC_C_LANGUAGE_STANDARD = gnu99;
			GENERATE_INFOPLIST_FILE = NO;
			INFOPLIST_FILE = MTGCodex/Info.plist;
			IPHONEOS_DEPLOYMENT_TARGET = 15.0;
			MACOSX_DEPLOYMENT_TARGET = 12.0;
			MTL_ENABLE_DEBUG_INFO = INCLUDE_SOURCE;
			MTL_FAST_MATH = YES;
			ONLY_ACTIVE_ARCH = YES;
			PRODUCT_BUNDLE_IDENTIFIER = com.mtgcodex.app;
			SDKROOT = iphoneos;
			SWIFT_ACTIVE_COMPILATION_CONDITIONS = DEBUG;
			SWIFT_OPTIMIZATION_LEVEL = "-Onone";
			SWIFT_VERSION = 5.0;
			TARGETED_DEVICE_FAMILY = "1,2";
			VALID_ARCHS = "arm64 arm64e armv7 armv7s armv7k armv7m armv7em";
			LD_RUNPATH_SEARCH_PATHS = "$(inherited) @executable_path/Frameworks";
		};
	};

	01F5D00A2A9D8A0A00C3C2DA /* Release */ = {
		isa = XCBuildConfiguration;
		buildSettings = {
			ALWAYS_SEARCH_USER_PATHS = NO;
			CLANG_ANALYZER_LOCALIZABILITY_INCOMPLETE_STRING_LITERALS = YES;
			CLANG_ENABLE_MODULES = YES;
			CLANG_ENABLE_OBJC_ARC = YES;
			CLANG_ENABLE_OBJC_WEAK = YES;
			CLANG_WARN_BOOL_CONVERSION = YES;
			CLANG_WARN_INFINITE_RECURSION = YES;
			CLANG_WARN_NON_LITERAL_NULL_CONVERSION = YES;
			CLANG_WARN_OBJC_LITERAL_CONVERSION = YES;
			CLANG_WARN_OBJC_ROOT_CLASS = YES;
			CLANG_WARN_SUSPICIOUS_IMPLICIT_CONVERSION = YES;
			CLANG_WARN_UNREACHABLE_CODE = YES;
			CLANG_WARN__DUPLICATE_METHOD_MATCH = YES;
			CODE_SIGN_IDENTITY = "Apple Distribution";
			CODE_SIGN_STYLE = Automatic;
			COPY_PHASE_STRIP = NO;
			DEBUG_INFORMATION_FORMAT = dwarf;
			ENABLE_NS_ASSERTIONS = NO;
			ENABLE_STRICT_OBJC_MSGSEND = YES;
			GCC_C_LANGUAGE_STANDARD = gnu99;
			GENERATE_INFOPLIST_FILE = NO;
			INFOPLIST_FILE = MTGCodex/Info.plist;
			IPHONEOS_DEPLOYMENT_TARGET = 15.0;
			MACOSX_DEPLOYMENT_TARGET = 12.0;
			MTL_ENABLE_DEBUG_INFO = NO;
			MTL_FAST_MATH = YES;
			PRODUCT_BUNDLE_IDENTIFIER = com.mtgcodex.app;
			SDKROOT = iphoneos;
			SWIFT_OPTIMIZATION_LEVEL = "-O";
			SWIFT_VERSION = 5.0;
			TARGETED_DEVICE_FAMILY = "1,2";
		};
	};

	01F5D00B2A9D8A0A00C3C2DA /* Debug */ = {
		isa = XCBuildConfiguration;
		buildSettings = {
			ASSETCATALOG_COMPILER_APPICON_NAME = AppIcon;
			CLANG_ANALYZER_LOCALIZABILITY_INCOMPLETE_STRING_LITERALS = YES;
			CLANG_ENABLE_MODULES = YES;
			COPY_PHASE_STRIP = NO;
			DEBUG_INFORMATION_FORMAT = dwarf;
			ENABLE_STRICT_OBJC_MSGSEND = YES;
			GCC_C_LANGUAGE_STANDARD = gnu99;
			GENERATE_INFOPLIST_FILE = NO;		INFOPLIST_FILE = MTGCodex/Info.plist;
		IPHONEOS_DEPLOYMENT_TARGET = 15.0;
		MACOSX_DEPLOYMENT_TARGET = 12.0;
		SWIFT_VERSION = 5.0;
		};
	};

	01F5D00C2A9D8A0A00C3C2DA /* Release */ = {
		isa = XCBuildConfiguration;
		buildSettings = {
			ASSETCATALOG_COMPILER_APPICON_NAME = AppIcon;
			CLANG_ANALYZER_LOCALIZABILITY_INCOMPLETE_STRING_LITERALS = YES;
			CLANG_ENABLE_MODULES = YES;
			COPY_PHASE_STRIP = NO;
			DEBUG_INFORMATION_FORMAT = dwarf;
			ENABLE_STRICT_OBJC_MSGSEND = YES;
			GCC_C_LANGUAGE_STANDARD = gnu99;
			GENERATE_INFOPLIST_FILE = NO;
			INFOPLIST_FILE = MTGCodex/Info.plist;
			IPHONEOS_DEPLOYMENT_TARGET = 15.0;
			MACOSX_DEPLOYMENT_TARGET = 12.0;
			SWIFT_VERSION = 5.0;
		};
	};

/* End XCBuildConfiguration section */

/* Begin XCConfigurationList section */

	01F5D0042A9D8A0A00C3C2DA /* Build configuration list for PBXNativeTarget "MTGCodex" */ = {
		isa = XCConfigurationList;
		buildConfigurations = (
			01F5D0092A9D8A0A00C3C2DA /* Debug */,
			01F5D00A2A9D8A0A00C3C2DA /* Release */,
		);
		defaultConfigurationIsVisible = 0;
		defaultConfigurationName = Debug;
	};

	01F5D0062A9D8A0A00C3C2DA /* Build configuration list for PBXProject "MTGCodex" */ = {
		isa = XCConfigurationList;
		buildConfigurations = (
			01F5D00B2A9D8A0A00C3C2DA /* Debug */,
			01F5D00C2A9D8A0A00C3C2DA /* Release */,
		);
		defaultConfigurationIsVisible = 0;
		defaultConfigurationName = Debug;
	};

/* End XCConfigurationList section */

};

sourceEncoding = 4;
